
Microsoft Visual Studio Solution File, Format Version 12.00
# Visual Studio 15
VisualStudioVersion = 15.0.28010.2016
MinimumVisualStudioVersion = 10.0.40219.1
Project("{FAE04EC0-301F-11D3-BF4B-00C04F79EFBC}") = "TodoApi", "TodoApi\TodoApi.csproj", "{0CCB9BFE-4463-4898-A270-16FBA6BA5397}"
EndProject
Global
	GlobalSection(SolutionConfigurationPlatforms) = preSolution
		Debug|Any CPU = Debug|Any CPU
		Release|Any CPU = Release|Any CPU
	EndGlobalSection
	GlobalSection(ProjectConfigurationPlatforms) = postSolution
		{0CCB9BFE-4463-4898-A270-16FBA6BA5397}.Debug|Any CPU.ActiveCfg = Debug|Any CPU
		{0CCB9BFE-4463-4898-A270-16FBA6BA5397}.Debug|Any CPU.Build.0 = Debug|Any CPU
		{0CCB9BFE-4463-4898-A270-16FBA6BA5397}.Release|Any CPU.ActiveCfg = Release|Any CPU
		{0CCB9BFE-4463-4898-A270-16FBA6BA5397}.Release|Any CPU.Build.0 = Release|Any CPU
	EndGlobalSection
	GlobalSection(SolutionProperties) = preSolution
		HideSolutionNode = FALSE
	EndGlobalSection
	GlobalSection(ExtensibilityGlobals) = postSolution
		SolutionGuid = {AE65F3E3-EE6F-4DA5-B82D-451F2E9F5986}
	EndGlobalSection
EndGlobal
